
Microsoft Visual Studio Solution File, Format Version 12.00
# Visual Studio Version 17
VisualStudioVersion = 17.5.33530.505
MinimumVisualStudioVersion = 10.0.40219.1
Project("{FAE04EC0-301F-11D3-BF4B-00C04F79EFBC}") = "API", "API\API.csproj", "{C214C61C-EE93-468F-AEB8-45BC1A05B797}"
EndProject
Global
	GlobalSection(SolutionConfigurationPlatforms) = preSolution
		Debug|Any CPU = Debug|Any CPU
		Release|Any CPU = Release|Any CPU
	EndGlobalSection
	GlobalSection(ProjectConfigurationPlatforms) = postSolution
		{C214C61C-EE93-468F-AEB8-45BC1A05B797}.Debug|Any CPU.ActiveCfg = Debug|Any CPU
		{C214C61C-EE93-468F-AEB8-45BC1A05B797}.Debug|Any CPU.Build.0 = Debug|Any CPU
		{C214C61C-EE93-468F-AEB8-45BC1A05B797}.Release|Any CPU.ActiveCfg = Release|Any CPU
		{C214C61C-EE93-468F-AEB8-45BC1A05B797}.Release|Any CPU.Build.0 = Release|Any CPU
	EndGlobalSection
	GlobalSection(SolutionProperties) = preSolution
		HideSolutionNode = FALSE
	EndGlobalSection
	GlobalSection(ExtensibilityGlobals) = postSolution
		SolutionGuid = {E968E98B-4E92-41E1-95F4-EC867C7CA8CB}
	EndGlobalSection
EndGlobal
